
Microsoft Visual Studio Solution File, Format Version 12.00
# Visual Studio Version 16
VisualStudioVersion = 16.0.30503.244
MinimumVisualStudioVersion = 10.0.40219.1
Project("{9A19103F-16F7-4668-BE54-9A1E7A4F7556}") = "s2t1", "HW2\s2t1.csproj", "{89808B4A-6008-49FB-9D0B-CF47224838AE}"
EndProject
Project("{9A19103F-16F7-4668-BE54-9A1E7A4F7556}") = "s2t2", "s2t2\s2t2.csproj", "{F19AAC05-99E8-42DA-8077-D25ED75919B0}"
EndProject
Project("{9A19103F-16F7-4668-BE54-9A1E7A4F7556}") = "s2t3", "s2t3\s2t3.csproj", "{C841ED87-7B78-4CC7-A711-7A6AEEA44853}"
EndProject
Project("{9A19103F-16F7-4668-BE54-9A1E7A4F7556}") = "s2t4", "s2t4\s2t4.csproj", "{D5C45D47-3333-4150-B501-BD3DE538EEB9}"
EndProject
Project("{9A19103F-16F7-4668-BE54-9A1E7A4F7556}") = "s2t5", "s2t5\s2t5.csproj", "{E737A8D4-771A-4F30-8666-6694E0B09B1A}"
EndProject
Project("{9A19103F-16F7-4668-BE54-9A1E7A4F7556}") = "s2t6", "s2t6\s2t6.csproj", "{45B3E735-72E1-41DA-A4B8-F5D95E854D6A}"
EndProject
Project("{9A19103F-16F7-4668-BE54-9A1E7A4F7556}") = "s2t7", "s2t7\s2t7.csproj", "{C30AE78C-88EF-476B-B018-38F1CF727059}"
EndProject
Project("{9A19103F-16F7-4668-BE54-9A1E7A4F7556}") = "s3t4", "s3t4\s3t4.csproj", "{C6ACA315-FCF7-49D0-BAF0-9D9441AF1AD8}"
EndProject
Project("{9A19103F-16F7-4668-BE54-9A1E7A4F7556}") = "s3t6", "s3t6\s3t6.csproj", "{5D469F56-65D7-4A7A-B49C-354AFB0A7B72}"
EndProject
Project("{FAE04EC0-301F-11D3-BF4B-00C04F79EFBC}") = "s3t7", "s3t7\s3t7.csproj", "{7A77C8E2-8BC3-49CC-9137-A4E7FB13DC88}"
EndProject
Project("{FAE04EC0-301F-11D3-BF4B-00C04F79EFBC}") = "s3ts1", "s3ts1\s3ts1.csproj", "{7C3D062E-F674-4AB3-95EB-5500A6B069D7}"
EndProject
Project("{FAE04EC0-301F-11D3-BF4B-00C04F79EFBC}") = "s3ts2", "s3st2\s3ts2.csproj", "{B28B2887-FCE6-4B00-921E-EC12238046E7}"
EndProject
Project("{FAE04EC0-301F-11D3-BF4B-00C04F79EFBC}") = "s3tss1", "s3ts3\s3tss1.csproj", "{94A6B716-12C5-4B05-B5F1-8FC964B120A2}"
EndProject
Project("{FAE04EC0-301F-11D3-BF4B-00C04F79EFBC}") = "s3tss2", "s3tss2\s3tss2.csproj", "{B7E42852-EAF2-4C34-BE18-BCE9E61AFC26}"
EndProject
Project("{FAE04EC0-301F-11D3-BF4B-00C04F79EFBC}") = "s3tss3", "s3tss3\s3tss3.csproj", "{8F5B4007-0345-417B-A342-B9741DA93834}"
EndProject
Project("{FAE04EC0-301F-11D3-BF4B-00C04F79EFBC}") = "s3tss4", "s3tss4\s3tss4.csproj", "{70C30304-96D4-4C18-AC53-CE127935AFD2}"
EndProject
Global
	GlobalSection(SolutionConfigurationPlatforms) = preSolution
		Debug|Any CPU = Debug|Any CPU
		Release|Any CPU = Release|Any CPU
	EndGlobalSection
	GlobalSection(ProjectConfigurationPlatforms) = postSolution
		{89808B4A-6008-49FB-9D0B-CF47224838AE}.Debug|Any CPU.ActiveCfg = Debug|Any CPU
		{89808B4A-6008-49FB-9D0B-CF47224838AE}.Debug|Any CPU.Build.0 = Debug|Any CPU
		{89808B4A-6008-49FB-9D0B-CF47224838AE}.Release|Any CPU.ActiveCfg = Release|Any CPU
		{89808B4A-6008-49FB-9D0B-CF47224838AE}.Release|Any CPU.Build.0 = Release|Any CPU
		{F19AAC05-99E8-42DA-8077-D25ED75919B0}.Debug|Any CPU.ActiveCfg = Debug|Any CPU
		{F19AAC05-99E8-42DA-8077-D25ED75919B0}.Debug|Any CPU.Build.0 = Debug|Any CPU
		{F19AAC05-99E8-42DA-8077-D25ED75919B0}.Release|Any CPU.ActiveCfg = Release|Any CPU
		{F19AAC05-99E8-42DA-8077-D25ED75919B0}.Release|Any CPU.Build.0 = Release|Any CPU
		{C841ED87-7B78-4CC7-A711-7A6AEEA44853}.Debug|Any CPU.ActiveCfg = Debug|Any CPU
		{C841ED87-7B78-4CC7-A711-7A6AEEA44853}.Debug|Any CPU.Build.0 = Debug|Any CPU
		{C841ED87-7B78-4CC7-A711-7A6AEEA44853}.Release|Any CPU.ActiveCfg = Release|Any CPU
		{C841ED87-7B78-4CC7-A711-7A6AEEA44853}.Release|Any CPU.Build.0 = Release|Any CPU
		{D5C45D47-3333-4150-B501-BD3DE538EEB9}.Debug|Any CPU.ActiveCfg = Debug|Any CPU
		{D5C45D47-3333-4150-B501-BD3DE538EEB9}.Debug|Any CPU.Build.0 = Debug|Any CPU
		{D5C45D47-3333-4150-B501-BD3DE538EEB9}.Release|Any CPU.ActiveCfg = Release|Any CPU
		{D5C45D47-3333-4150-B501-BD3DE538EEB9}.Release|Any CPU.Build.0 = Release|Any CPU
		{E737A8D4-771A-4F30-8666-6694E0B09B1A}.Debug|Any CPU.ActiveCfg = Debug|Any CPU
		{E737A8D4-771A-4F30-8666-6694E0B09B1A}.Debug|Any CPU.Build.0 = Debug|Any CPU
		{E737A8D4-771A-4F30-8666-6694E0B09B1A}.Release|Any CPU.ActiveCfg = Release|Any CPU
		{E737A8D4-771A-4F30-8666-6694E0B09B1A}.Release|Any CPU.Build.0 = Release|Any CPU
		{45B3E735-72E1-41DA-A4B8-F5D95E854D6A}.Debug|Any CPU.ActiveCfg = Debug|Any CPU
		{45B3E735-72E1-41DA-A4B8-F5D95E854D6A}.Debug|Any CPU.Build.0 = Debug|Any CPU
		{45B3E735-72E1-41DA-A4B8-F5D95E854D6A}.Release|Any CPU.ActiveCfg = Release|Any CPU
		{45B3E735-72E1-41DA-A4B8-F5D95E854D6A}.Release|Any CPU.Build.0 = Release|Any CPU
		{C30AE78C-88EF-476B-B018-38F1CF727059}.Debug|Any CPU.ActiveCfg = Debug|Any CPU
		{C30AE78C-88EF-476B-B018-38F1CF727059}.Debug|Any CPU.Build.0 = Debug|Any CPU
		{C30AE78C-88EF-476B-B018-38F1CF727059}.Release|Any CPU.ActiveCfg = Release|Any CPU
		{C30AE78C-88EF-476B-B018-38F1CF727059}.Release|Any CPU.Build.0 = Release|Any CPU
		{C6ACA315-FCF7-49D0-BAF0-9D9441AF1AD8}.Debug|Any CPU.ActiveCfg = Debug|Any CPU
		{C6ACA315-FCF7-49D0-BAF0-9D9441AF1AD8}.Debug|Any CPU.Build.0 = Debug|Any CPU
		{C6ACA315-FCF7-49D0-BAF0-9D9441AF1AD8}.Release|Any CPU.ActiveCfg = Release|Any CPU
		{C6ACA315-FCF7-49D0-BAF0-9D9441AF1AD8}.Release|Any CPU.Build.0 = Release|Any CPU
		{5D469F56-65D7-4A7A-B49C-354AFB0A7B72}.Debug|Any CPU.ActiveCfg = Debug|Any CPU
		{5D469F56-65D7-4A7A-B49C-354AFB0A7B72}.Debug|Any CPU.Build.0 = Debug|Any CPU
		{5D469F56-65D7-4A7A-B49C-354AFB0A7B72}.Release|Any CPU.ActiveCfg = Release|Any CPU
		{5D469F56-65D7-4A7A-B49C-354AFB0A7B72}.Release|Any CPU.Build.0 = Release|Any CPU
		{7A77C8E2-8BC3-49CC-9137-A4E7FB13DC88}.Debug|Any CPU.ActiveCfg = Debug|Any CPU
		{7A77C8E2-8BC3-49CC-9137-A4E7FB13DC88}.Debug|Any CPU.Build.0 = Debug|Any CPU
		{7A77C8E2-8BC3-49CC-9137-A4E7FB13DC88}.Release|Any CPU.ActiveCfg = Release|Any CPU
		{7A77C8E2-8BC3-49CC-9137-A4E7FB13DC88}.Release|Any CPU.Build.0 = Release|Any CPU
		{7C3D062E-F674-4AB3-95EB-5500A6B069D7}.Debug|Any CPU.ActiveCfg = Debug|Any CPU
		{7C3D062E-F674-4AB3-95EB-5500A6B069D7}.Debug|Any CPU.Build.0 = Debug|Any CPU
		{7C3D062E-F674-4AB3-95EB-5500A6B069D7}.Release|Any CPU.ActiveCfg = Release|Any CPU
		{7C3D062E-F674-4AB3-95EB-5500A6B069D7}.Release|Any CPU.Build.0 = Release|Any CPU
		{B28B2887-FCE6-4B00-921E-EC12238046E7}.Debug|Any CPU.ActiveCfg = Debug|Any CPU
		{B28B2887-FCE6-4B00-921E-EC12238046E7}.Debug|Any CPU.Build.0 = Debug|Any CPU
		{B28B2887-FCE6-4B00-921E-EC12238046E7}.Release|Any CPU.ActiveCfg = Release|Any CPU
		{B28B2887-FCE6-4B00-921E-EC12238046E7}.Release|Any CPU.Build.0 = Release|Any CPU
		{94A6B716-12C5-4B05-B5F1-8FC964B120A2}.Debug|Any CPU.ActiveCfg = Debug|Any CPU
		{94A6B716-12C5-4B05-B5F1-8FC964B120A2}.Debug|Any CPU.Build.0 = Debug|Any CPU
		{94A6B716-12C5-4B05-B5F1-8FC964B120A2}.Release|Any CPU.ActiveCfg = Release|Any CPU
		{94A6B716-12C5-4B05-B5F1-8FC964B120A2}.Release|Any CPU.Build.0 = Release|Any CPU
		{B7E42852-EAF2-4C34-BE18-BCE9E61AFC26}.Debug|Any CPU.ActiveCfg = Debug|Any CPU
		{B7E42852-EAF2-4C34-BE18-BCE9E61AFC26}.Debug|Any CPU.Build.0 = Debug|Any CPU
		{B7E42852-EAF2-4C34-BE18-BCE9E61AFC26}.Release|Any CPU.ActiveCfg = Release|Any CPU
		{B7E42852-EAF2-4C34-BE18-BCE9E61AFC26}.Release|Any CPU.Build.0 = Release|Any CPU
		{8F5B4007-0345-417B-A342-B9741DA93834}.Debug|Any CPU.ActiveCfg = Debug|Any CPU
		{8F5B4007-0345-417B-A342-B9741DA93834}.Debug|Any CPU.Build.0 = Debug|Any CPU
		{8F5B4007-0345-417B-A342-B9741DA93834}.Release|Any CPU.ActiveCfg = Release|Any CPU
		{8F5B4007-0345-417B-A342-B9741DA93834}.Release|Any CPU.Build.0 = Release|Any CPU
		{70C30304-96D4-4C18-AC53-CE127935AFD2}.Debug|Any CPU.ActiveCfg = Debug|Any CPU
		{70C30304-96D4-4C18-AC53-CE127935AFD2}.Debug|Any CPU.Build.0 = Debug|Any CPU
		{70C30304-96D4-4C18-AC53-CE127935AFD2}.Release|Any CPU.ActiveCfg = Release|Any CPU
		{70C30304-96D4-4C18-AC53-CE127935AFD2}.Release|Any CPU.Build.0 = Release|Any CPU
	EndGlobalSection
	GlobalSection(SolutionProperties) = preSolution
		HideSolutionNode = FALSE
	EndGlobalSection
	GlobalSection(ExtensibilityGlobals) = postSolution
		SolutionGuid = {24A11233-1AB1-4504-AE56-C7903269560E}
	EndGlobalSection
EndGlobal
